// !$*UTF8*$!
{
	archiveVersion = 1;
	classes = {
	};
	objectVersion = 50;
	objects = {

/* Begin PBXBuildFile section */
		D4A6F37125D3822400E3AFDD /* main.swift in Sources */ = {isa = PBXBuildFile; fileRef = D4A6F37025D3822400E3AFDD /* main.swift */; };
		D4A6F38225D3827600E3AFDD /* Swiftnet.swift in Sources */ = {isa = PBXBuildFile; fileRef = D4A6F37F25D3827600E3AFDD /* Swiftnet.swift */; };
		D4A6F38325D3827600E3AFDD /* SwiftnetFilter.swift in Sources */ = {isa = PBXBuildFile; fileRef = D4A6F38025D3827600E3AFDD /* SwiftnetFilter.swift */; };
		D4A6F38425D3827600E3AFDD /* SwiftnetLayer.swift in Sources */ = {isa = PBXBuildFile; fileRef = D4A6F38125D3827600E3AFDD /* SwiftnetLayer.swift */; };
		D4DB393C25D5CD980050E0DC /* SwiftPointer.swift in Sources */ = {isa = PBXBuildFile; fileRef = D4DB393B25D5CD980050E0DC /* SwiftPointer.swift */; };
/* End PBXBuildFile section */

/* Begin PBXCopyFilesBuildPhase section */
		D4A6F36B25D3822400E3AFDD /* CopyFiles */ = {
			isa = PBXCopyFilesBuildPhase;
			buildActionMask = 2147483647;
			dstPath = /usr/share/man/man1/;
			dstSubfolderSpec = 0;
			files = (
			);
			runOnlyForDeploymentPostprocessing = 1;
		};
/* End PBXCopyFilesBuildPhase section */

/* Begin PBXFileReference section */
		D4A6F36D25D3822400E3AFDD /* Swiftnet */ = {isa = PBXFileReference; explicitFileType = "compiled.mach-o.executable"; includeInIndex = 0; path = Swiftnet; sourceTree = BUILT_PRODUCTS_DIR; };
		D4A6F37025D3822400E3AFDD /* main.swift */ = {isa = PBXFileReference; lastKnownFileType = sourcecode.swift; path = main.swift; sourceTree = "<group>"; };
		D4A6F37B25D3824C00E3AFDD /* .gitignore */ = {isa = PBXFileReference; lastKnownFileType = text; path = .gitignore; sourceTree = "<group>"; };
		D4A6F37C25D3824C00E3AFDD /* .swiftlint.yml */ = {isa = PBXFileReference; lastKnownFileType = text.yaml; path = .swiftlint.yml; sourceTree = "<group>"; };
		D4A6F37D25D3824C00E3AFDD /* .overcommit.yml */ = {isa = PBXFileReference; lastKnownFileType = text.yaml; path = .overcommit.yml; sourceTree = "<group>"; };
		D4A6F37E25D3824C00E3AFDD /* swiftlint.sh */ = {isa = PBXFileReference; lastKnownFileType = text.script.sh; path = swiftlint.sh; sourceTree = "<group>"; };
		D4A6F37F25D3827600E3AFDD /* Swiftnet.swift */ = {isa = PBXFileReference; fileEncoding = 4; lastKnownFileType = sourcecode.swift; path = Swiftnet.swift; sourceTree = "<group>"; };
		D4A6F38025D3827600E3AFDD /* SwiftnetFilter.swift */ = {isa = PBXFileReference; fileEncoding = 4; lastKnownFileType = sourcecode.swift; path = SwiftnetFilter.swift; sourceTree = "<group>"; };
		D4A6F38125D3827600E3AFDD /* SwiftnetLayer.swift */ = {isa = PBXFileReference; fileEncoding = 4; lastKnownFileType = sourcecode.swift; path = SwiftnetLayer.swift; sourceTree = "<group>"; };
		D4DB393B25D5CD980050E0DC /* SwiftPointer.swift */ = {isa = PBXFileReference; fileEncoding = 4; lastKnownFileType = sourcecode.swift; name = SwiftPointer.swift; path = ../../Tools/SwiftPointer.swift; sourceTree = "<group>"; };
/* End PBXFileReference section */

/* Begin PBXFrameworksBuildPhase section */
		D4A6F36A25D3822400E3AFDD /* Frameworks */ = {
			isa = PBXFrameworksBuildPhase;
			buildActionMask = 2147483647;
			files = (
			);
			runOnlyForDeploymentPostprocessing = 0;
		};
/* End PBXFrameworksBuildPhase section */

/* Begin PBXGroup section */
		D4A6F36425D3822400E3AFDD = {
			isa = PBXGroup;
			children = (
				D4A6F37B25D3824C00E3AFDD /* .gitignore */,
				D4A6F37D25D3824C00E3AFDD /* .overcommit.yml */,
				D4A6F37C25D3824C00E3AFDD /* .swiftlint.yml */,
				D4A6F37E25D3824C00E3AFDD /* swiftlint.sh */,
				D4A6F36F25D3822400E3AFDD /* Swiftnet */,
				D4A6F36E25D3822400E3AFDD /* Products */,
			);
			sourceTree = "<group>";
		};
		D4A6F36E25D3822400E3AFDD /* Products */ = {
			isa = PBXGroup;
			children = (
				D4A6F36D25D3822400E3AFDD /* Swiftnet */,
			);
			name = Products;
			sourceTree = "<group>";
		};
		D4A6F36F25D3822400E3AFDD /* Swiftnet */ = {
			isa = PBXGroup;
			children = (
				D4DB393B25D5CD980050E0DC /* SwiftPointer.swift */,
				D4A6F37025D3822400E3AFDD /* main.swift */,
				D4A6F37F25D3827600E3AFDD /* Swiftnet.swift */,
				D4A6F38025D3827600E3AFDD /* SwiftnetFilter.swift */,
				D4A6F38125D3827600E3AFDD /* SwiftnetLayer.swift */,
			);
			path = Swiftnet;
			sourceTree = "<group>";
		};
/* End PBXGroup section */

/* Begin PBXNativeTarget section */
		D4A6F36C25D3822400E3AFDD /* Swiftnet */ = {
			isa = PBXNativeTarget;
			buildConfigurationList = D4A6F37425D3822400E3AFDD /* Build configuration list for PBXNativeTarget "Swiftnet" */;
			buildPhases = (
				D4A6F36925D3822400E3AFDD /* Sources */,
				D4A6F36A25D3822400E3AFDD /* Frameworks */,
				D4A6F36B25D3822400E3AFDD /* CopyFiles */,
			);
			buildRules = (
			);
			dependencies = (
			);
			name = Swiftnet;
			productName = Swiftnet;
			productReference = D4A6F36D25D3822400E3AFDD /* Swiftnet */;
			productType = "com.apple.product-type.tool";
		};
/* End PBXNativeTarget section */

/* Begin PBXProject section */
		D4A6F36525D3822400E3AFDD /* Project object */ = {
			isa = PBXProject;
			attributes = {
				LastSwiftUpdateCheck = 1240;
				LastUpgradeCheck = 1240;
				TargetAttributes = {
					D4A6F36C25D3822400E3AFDD = {
						CreatedOnToolsVersion = 12.4;
					};
				};
			};
			buildConfigurationList = D4A6F36825D3822400E3AFDD /* Build configuration list for PBXProject "Swiftnet" */;
			compatibilityVersion = "Xcode 9.3";
			developmentRegion = en;
			hasScannedForEncodings = 0;
			knownRegions = (
				en,
				Base,
			);
			mainGroup = D4A6F36425D3822400E3AFDD;
			productRefGroup = D4A6F36E25D3822400E3AFDD /* Products */;
			projectDirPath = "";
			projectRoot = "";
			targets = (
				D4A6F36C25D3822400E3AFDD /* Swiftnet */,
			);
		};
/* End PBXProject section */

/* Begin PBXSourcesBuildPhase section */
		D4A6F36925D3822400E3AFDD /* Sources */ = {
			isa = PBXSourcesBuildPhase;
			buildActionMask = 2147483647;
			files = (
				D4DB393C25D5CD980050E0DC /* SwiftPointer.swift in Sources */,
				D4A6F37125D3822400E3AFDD /* main.swift in Sources */,
				D4A6F38425D3827600E3AFDD /* SwiftnetLayer.swift in Sources */,
				D4A6F38325D3827600E3AFDD /* SwiftnetFilter.swift in Sources */,
				D4A6F38225D3827600E3AFDD /* Swiftnet.swift in Sources */,
			);
			runOnlyForDeploymentPostprocessing = 0;
		};
/* End PBXSourcesBuildPhase section */

/* Begin XCBuildConfiguration section */
		D4A6F37225D3822400E3AFDD /* Debug */ = {
			isa = XCBuildConfiguration;
			buildSettings = {
				ALWAYS_SEARCH_USER_PATHS = NO;
				CLANG_ANALYZER_NONNULL = YES;
				CLANG_ANALYZER_NUMBER_OBJECT_CONVERSION = YES_AGGRESSIVE;
				CLANG_CXX_LANGUAGE_STANDARD = "gnu++14";
				CLANG_CXX_LIBRARY = "libc++";
				CLANG_ENABLE_MODULES = YES;
				CLANG_ENABLE_OBJC_ARC = YES;
				CLANG_ENABLE_OBJC_WEAK = YES;
				CLANG_WARN_BLOCK_CAPTURE_AUTORELEASING = YES;
				CLANG_WARN_BOOL_CONVERSION = YES;
				CLANG_WARN_COMMA = YES;
				CLANG_WARN_CONSTANT_CONVERSION = YES;
				CLANG_WARN_DEPRECATED_OBJC_IMPLEMENTATIONS = YES;
				CLANG_WARN_DIRECT_OBJC_ISA_USAGE = YES_ERROR;
				CLANG_WARN_DOCUMENTATION_COMMENTS = YES;
				CLANG_WARN_EMPTY_BODY = YES;
				CLANG_WARN_ENUM_CONVERSION = YES;
				CLANG_WARN_INFINITE_RECURSION = YES;
				CLANG_WARN_INT_CONVERSION = YES;
				CLANG_WARN_NON_LITERAL_NULL_CONVERSION = YES;
				CLANG_WARN_OBJC_IMPLICIT_RETAIN_SELF = YES;
				CLANG_WARN_OBJC_LITERAL_CONVERSION = YES;
				CLANG_WARN_OBJC_ROOT_CLASS = YES_ERROR;
				CLANG_WARN_QUOTED_INCLUDE_IN_FRAMEWORK_HEADER = YES;
				CLANG_WARN_RANGE_LOOP_ANALYSIS = YES;
				CLANG_WARN_STRICT_PROTOTYPES = YES;
				CLANG_WARN_SUSPICIOUS_MOVE = YES;
				CLANG_WARN_UNGUARDED_AVAILABILITY = YES_AGGRESSIVE;
				CLANG_WARN_UNREACHABLE_CODE = YES;
				CLANG_WARN__DUPLICATE_METHOD_MATCH = YES;
				COPY_PHASE_STRIP = NO;
				DEBUG_INFORMATION_FORMAT = dwarf;
				ENABLE_STRICT_OBJC_MSGSEND = YES;
				ENABLE_TESTABILITY = YES;
				GCC_C_LANGUAGE_STANDARD = gnu11;
				GCC_DYNAMIC_NO_PIC = NO;
				GCC_NO_COMMON_BLOCKS = YES;
				GCC_OPTIMIZATION_LEVEL = 0;
				GCC_PREPROCESSOR_DEFINITIONS = (
					"DEBUG=1",
					"$(inherited)",
				);
				GCC_WARN_64_TO_32_BIT_CONVERSION = YES;
				GCC_WARN_ABOUT_RETURN_TYPE = YES_ERROR;
				GCC_WARN_UNDECLARED_SELECTOR = YES;
				GCC_WARN_UNINITIALIZED_AUTOS = YES_AGGRESSIVE;
				GCC_WARN_UNUSED_FUNCTION = YES;
				GCC_WARN_UNUSED_VARIABLE = YES;
				MACOSX_DEPLOYMENT_TARGET = 11.1;
				MTL_ENABLE_DEBUG_INFO = INCLUDE_SOURCE;
				MTL_FAST_MATH = YES;
				ONLY_ACTIVE_ARCH = YES;
				SDKROOT = macosx;
				SWIFT_ACTIVE_COMPILATION_CONDITIONS = DEBUG;
				SWIFT_OPTIMIZATION_LEVEL = "-Onone";
			};
			name = Debug;
		};
		D4A6F37325D3822400E3AFDD /* Release */ = {
			isa = XCBuildConfiguration;
			buildSettings = {
				ALWAYS_SEARCH_USER_PATHS = NO;
				CLANG_ANALYZER_NONNULL = YES;
				CLANG_ANALYZER_NUMBER_OBJECT_CONVERSION = YES_AGGRESSIVE;
				CLANG_CXX_LANGUAGE_STANDARD = "gnu++14";
				CLANG_CXX_LIBRARY = "libc++";
				CLANG_ENABLE_MODULES = YES;
				CLANG_ENABLE_OBJC_ARC = YES;
				CLANG_ENABLE_OBJC_WEAK = YES;
				CLANG_WARN_BLOCK_CAPTURE_AUTORELEASING = YES;
				CLANG_WARN_BOOL_CONVERSION = YES;
				CLANG_WARN_COMMA = YES;
				CLANG_WARN_CONSTANT_CONVERSION = YES;
				CLANG_WARN_DEPRECATED_OBJC_IMPLEMENTATIONS = YES;
				CLANG_WARN_DIRECT_OBJC_ISA_USAGE = YES_ERROR;
				CLANG_WARN_DOCUMENTATION_COMMENTS = YES;
				CLANG_WARN_EMPTY_BODY = YES;
				CLANG_WARN_ENUM_CONVERSION = YES;
				CLANG_WARN_INFINITE_RECURSION = YES;
				CLANG_WARN_INT_CONVERSION = YES;
				CLANG_WARN_NON_LITERAL_NULL_CONVERSION = YES;
				CLANG_WARN_OBJC_IMPLICIT_RETAIN_SELF = YES;
				CLANG_WARN_OBJC_LITERAL_CONVERSION = YES;
				CLANG_WARN_OBJC_ROOT_CLASS = YES_ERROR;
				CLANG_WARN_QUOTED_INCLUDE_IN_FRAMEWORK_HEADER = YES;
				CLANG_WARN_RANGE_LOOP_ANALYSIS = YES;
				CLANG_WARN_STRICT_PROTOTYPES = YES;
				CLANG_WARN_SUSPICIOUS_MOVE = YES;
				CLANG_WARN_UNGUARDED_AVAILABILITY = YES_AGGRESSIVE;
				CLANG_WARN_UNREACHABLE_CODE = YES;
				CLANG_WARN__DUPLICATE_METHOD_MATCH = YES;
				COPY_PHASE_STRIP = NO;
				DEBUG_INFORMATION_FORMAT = "dwarf-with-dsym";
				ENABLE_NS_ASSERTIONS = NO;
				ENABLE_STRICT_OBJC_MSGSEND = YES;
				GCC_C_LANGUAGE_STANDARD = gnu11;
				GCC_NO_COMMON_BLOCKS = YES;
				GCC_WARN_64_TO_32_BIT_CONVERSION = YES;
				GCC_WARN_ABOUT_RETURN_TYPE = YES_ERROR;
				GCC_WARN_UNDECLARED_SELECTOR = YES;
				GCC_WARN_UNINITIALIZED_AUTOS = YES_AGGRESSIVE;
				GCC_WARN_UNUSED_FUNCTION = YES;
				GCC_WARN_UNUSED_VARIABLE = YES;
				MACOSX_DEPLOYMENT_TARGET = 11.1;
				MTL_ENABLE_DEBUG_INFO = NO;
				MTL_FAST_MATH = YES;
				SDKROOT = macosx;
				SWIFT_COMPILATION_MODE = wholemodule;
				SWIFT_OPTIMIZATION_LEVEL = "-O";
			};
			name = Release;
		};
		D4A6F37525D3822400E3AFDD /* Debug */ = {
			isa = XCBuildConfiguration;
			buildSettings = {
				CODE_SIGN_STYLE = Automatic;
				DEVELOPMENT_TEAM = DD983V4X84;
				ENABLE_HARDENED_RUNTIME = YES;
				PRODUCT_NAME = "$(TARGET_NAME)";
				SWIFT_VERSION = 5.0;
			};
			name = Debug;
		};
		D4A6F37625D3822400E3AFDD /* Release */ = {
			isa = XCBuildConfiguration;
			buildSettings = {
				CODE_SIGN_STYLE = Automatic;
				DEVELOPMENT_TEAM = DD983V4X84;
				ENABLE_HARDENED_RUNTIME = YES;
				PRODUCT_NAME = "$(TARGET_NAME)";
				SWIFT_VERSION = 5.0;
			};
			name = Release;
		};
/* End XCBuildConfiguration section */

/* Begin XCConfigurationList section */
		D4A6F36825D3822400E3AFDD /* Build configuration list for PBXProject "Swiftnet" */ = {
			isa = XCConfigurationList;
			buildConfigurations = (
				D4A6F37225D3822400E3AFDD /* Debug */,
				D4A6F37325D3822400E3AFDD /* Release */,
			);
			defaultConfigurationIsVisible = 0;
			defaultConfigurationName = Release;
		};
		D4A6F37425D3822400E3AFDD /* Build configuration list for PBXNativeTarget "Swiftnet" */ = {
			isa = XCConfigurationList;
			buildConfigurations = (
				D4A6F37525D3822400E3AFDD /* Debug */,
				D4A6F37625D3822400E3AFDD /* Release */,
			);
			defaultConfigurationIsVisible = 0;
			defaultConfigurationName = Release;
		};
/* End XCConfigurationList section */
	};
	rootObject = D4A6F36525D3822400E3AFDD /* Project object */;
}
